hash: d4bb692c7281da9ad8d3c490e1125de6946522c7d0243f0f0b603b1e1e3e7b6d
updated: 2019-02-18T15:22:23.586062-08:00
imports:
- name: github.com/gocql/gocql
  version: 5a139e8dcc59d560335dbda641b9f42085e59b0a
  subpackages:
  - internal/lru
  - internal/murmur
  - internal/streams
- name: github.com/golang/snappy
  version: 2e65f85255dbc3072edf28d6b5b8efc472979f5a
- name: github.com/hailocab/go-hostpool
  version: e80d13ce29ede4452c43dea11e79b9bc8a15b478
- name: github.com/jessevdk/go-flags
  version: c6ca198ec95c841fdb89fc0de7496fed11ab854e
- name: github.com/pkg/errors
  version: c059e472caf75dbe73903f6521a20abac245b17f
- name: gopkg.in/inf.v0
  version: d2d2541c53f18d2a059457998ce2876cc8e67cbf
testImports:
- name: github.com/davecgh/go-spew
  version: d8f796af33cc11cb798c1aaeb27a4ebc5099927d
  subpackages:
  - spew
- name: github.com/pmezard/go-difflib
  version: 792786c7400a136282c1664665ae0a8db921c6c2
  subpackages:
  - difflib
- name: github.com/stretchr/testify
  version: ffdc059bfe9ce6a4e144ba849dbedead332c6053
  subpackages:
  - assert
  - require
  - suite
